// !$*UTF8*$!
{
	archiveVersion = 1;
	classes = {
	};
	objectVersion = 50;
	objects = {

/* Begin PBXBuildFile section */
		490D057621AB97F200E58921 /* recursions.cpp in Sources */ = {isa = PBXBuildFile; fileRef = 490D057421AB97F200E58921 /* recursions.cpp */; };
		4944997021B0C14200E3114C /* vector.cpp in Sources */ = {isa = PBXBuildFile; fileRef = 4944996E21B0C14200E3114C /* vector.cpp */; };
		496CE86921AD2C7A005A9F41 /* dynamic.cpp in Sources */ = {isa = PBXBuildFile; fileRef = 496CE86721AD2C7A005A9F41 /* dynamic.cpp */; };
		49882EA421A4431400BFE27D /* fstream.cpp in Sources */ = {isa = PBXBuildFile; fileRef = 49882EA321A4431400BFE27D /* fstream.cpp */; };
		49CC5406218C48A300BD06BD /* main.cpp in Sources */ = {isa = PBXBuildFile; fileRef = 49CC5405218C48A300BD06BD /* main.cpp */; };
/* End PBXBuildFile section */

/* Begin PBXCopyFilesBuildPhase section */
		49CC5400218C48A300BD06BD /* CopyFiles */ = {
			isa = PBXCopyFilesBuildPhase;
			buildActionMask = 2147483647;
			dstPath = /usr/share/man/man1/;
			dstSubfolderSpec = 0;
			files = (
			);
			runOnlyForDeploymentPostprocessing = 1;
		};
/* End PBXCopyFilesBuildPhase section */

/* Begin PBXFileReference section */
		490D057421AB97F200E58921 /* recursions.cpp */ = {isa = PBXFileReference; lastKnownFileType = sourcecode.cpp.cpp; path = recursions.cpp; sourceTree = "<group>"; };
		490D057521AB97F200E58921 /* recursions.hpp */ = {isa = PBXFileReference; lastKnownFileType = sourcecode.cpp.h; path = recursions.hpp; sourceTree = "<group>"; };
		4944996E21B0C14200E3114C /* vector.cpp */ = {isa = PBXFileReference; lastKnownFileType = sourcecode.cpp.cpp; path = vector.cpp; sourceTree = "<group>"; };
		4944996F21B0C14200E3114C /* vector.hpp */ = {isa = PBXFileReference; lastKnownFileType = sourcecode.cpp.h; path = vector.hpp; sourceTree = "<group>"; };
		496CE86721AD2C7A005A9F41 /* dynamic.cpp */ = {isa = PBXFileReference; lastKnownFileType = sourcecode.cpp.cpp; path = dynamic.cpp; sourceTree = "<group>"; };
		496CE86821AD2C7A005A9F41 /* dynamic.hpp */ = {isa = PBXFileReference; lastKnownFileType = sourcecode.cpp.h; path = dynamic.hpp; sourceTree = "<group>"; };
		49882EA321A4431400BFE27D /* fstream.cpp */ = {isa = PBXFileReference; lastKnownFileType = sourcecode.cpp.cpp; path = fstream.cpp; sourceTree = "<group>"; };
		49CC5402218C48A300BD06BD /* c++_xcode */ = {isa = PBXFileReference; explicitFileType = "compiled.mach-o.executable"; includeInIndex = 0; path = "c++_xcode"; sourceTree = BUILT_PRODUCTS_DIR; };
		49CC5405218C48A300BD06BD /* main.cpp */ = {isa = PBXFileReference; lastKnownFileType = sourcecode.cpp.cpp; path = main.cpp; sourceTree = "<group>"; };
		49DB168021A7D49B005A4CBF /* fstram.h */ = {isa = PBXFileReference; lastKnownFileType = sourcecode.c.h; path = fstram.h; sourceTree = "<group>"; };
/* End PBXFileReference section */

/* Begin PBXFrameworksBuildPhase section */
		49CC53FF218C48A300BD06BD /* Frameworks */ = {
			isa = PBXFrameworksBuildPhase;
			buildActionMask = 2147483647;
			files = (
			);
			runOnlyForDeploymentPostprocessing = 0;
		};
/* End PBXFrameworksBuildPhase section */

/* Begin PBXGroup section */
		49CC53F9218C48A300BD06BD = {
			isa = PBXGroup;
			children = (
				49CC5404218C48A300BD06BD /* c++_xcode */,
				49CC5403218C48A300BD06BD /* Products */,
			);
			sourceTree = "<group>";
		};
		49CC5403218C48A300BD06BD /* Products */ = {
			isa = PBXGroup;
			children = (
				49CC5402218C48A300BD06BD /* c++_xcode */,
			);
			name = Products;
			sourceTree = "<group>";
		};
		49CC5404218C48A300BD06BD /* c++_xcode */ = {
			isa = PBXGroup;
			children = (
				49CC5405218C48A300BD06BD /* main.cpp */,
				49882EA321A4431400BFE27D /* fstream.cpp */,
				49DB168021A7D49B005A4CBF /* fstram.h */,
				4944996E21B0C14200E3114C /* vector.cpp */,
				4944996F21B0C14200E3114C /* vector.hpp */,
				490D057421AB97F200E58921 /* recursions.cpp */,
				490D057521AB97F200E58921 /* recursions.hpp */,
				496CE86721AD2C7A005A9F41 /* dynamic.cpp */,
				496CE86821AD2C7A005A9F41 /* dynamic.hpp */,
			);
			path = "c++_xcode";
			sourceTree = "<group>";
		};
/* End PBXGroup section */

/* Begin PBXNativeTarget section */
		49CC5401218C48A300BD06BD /* c++_xcode */ = {
			isa = PBXNativeTarget;
			buildConfigurationList = 49CC5409218C48A300BD06BD /* Build configuration list for PBXNativeTarget "c++_xcode" */;
			buildPhases = (
				49CC53FE218C48A300BD06BD /* Sources */,
				49CC53FF218C48A300BD06BD /* Frameworks */,
				49CC5400218C48A300BD06BD /* CopyFiles */,
			);
			buildRules = (
			);
			dependencies = (
			);
			name = "c++_xcode";
			productName = "c++_xcode";
			productReference = 49CC5402218C48A300BD06BD /* c++_xcode */;
			productType = "com.apple.product-type.tool";
		};
/* End PBXNativeTarget section */

/* Begin PBXProject section */
		49CC53FA218C48A300BD06BD /* Project object */ = {
			isa = PBXProject;
			attributes = {
				LastUpgradeCheck = 1010;
				ORGANIZATIONNAME = "Andrew ";
				TargetAttributes = {
					49CC5401218C48A300BD06BD = {
						CreatedOnToolsVersion = 10.1;
					};
				};
			};
			buildConfigurationList = 49CC53FD218C48A300BD06BD /* Build configuration list for PBXProject "c++_xcode" */;
			compatibilityVersion = "Xcode 9.3";
			developmentRegion = en;
			hasScannedForEncodings = 0;
			knownRegions = (
				en,
			);
			mainGroup = 49CC53F9218C48A300BD06BD;
			productRefGroup = 49CC5403218C48A300BD06BD /* Products */;
			projectDirPath = "";
			projectRoot = "";
			targets = (
				49CC5401218C48A300BD06BD /* c++_xcode */,
			);
		};
/* End PBXProject section */

/* Begin PBXSourcesBuildPhase section */
		49CC53FE218C48A300BD06BD /* Sources */ = {
			isa = PBXSourcesBuildPhase;
			buildActionMask = 2147483647;
			files = (
				490D057621AB97F200E58921 /* recursions.cpp in Sources */,
				496CE86921AD2C7A005A9F41 /* dynamic.cpp in Sources */,
				49882EA421A4431400BFE27D /* fstream.cpp in Sources */,
				49CC5406218C48A300BD06BD /* main.cpp in Sources */,
				4944997021B0C14200E3114C /* vector.cpp in Sources */,
			);
			runOnlyForDeploymentPostprocessing = 0;
		};
/* End PBXSourcesBuildPhase section */

/* Begin XCBuildConfiguration section */
		49CC5407218C48A300BD06BD /* Debug */ = {
			isa = XCBuildConfiguration;
			buildSettings = {
				ALWAYS_SEARCH_USER_PATHS = NO;
				CLANG_ANALYZER_NONNULL = YES;
				CLANG_ANALYZER_NUMBER_OBJECT_CONVERSION = YES_AGGRESSIVE;
				CLANG_CXX_LANGUAGE_STANDARD = "gnu++14";
				CLANG_CXX_LIBRARY = "libc++";
				CLANG_ENABLE_MODULES = YES;
				CLANG_ENABLE_OBJC_ARC = YES;
				CLANG_ENABLE_OBJC_WEAK = YES;
				CLANG_WARN_BLOCK_CAPTURE_AUTORELEASING = YES;
				CLANG_WARN_BOOL_CONVERSION = YES;
				CLANG_WARN_COMMA = YES;
				CLANG_WARN_CONSTANT_CONVERSION = YES;
				CLANG_WARN_DEPRECATED_OBJC_IMPLEMENTATIONS = YES;
				CLANG_WARN_DIRECT_OBJC_ISA_USAGE = YES_ERROR;
				CLANG_WARN_DOCUMENTATION_COMMENTS = YES;
				CLANG_WARN_EMPTY_BODY = YES;
				CLANG_WARN_ENUM_CONVERSION = YES;
				CLANG_WARN_INFINITE_RECURSION = YES;
				CLANG_WARN_INT_CONVERSION = YES;
				CLANG_WARN_NON_LITERAL_NULL_CONVERSION = YES;
				CLANG_WARN_OBJC_IMPLICIT_RETAIN_SELF = YES;
				CLANG_WARN_OBJC_LITERAL_CONVERSION = YES;
				CLANG_WARN_OBJC_ROOT_CLASS = YES_ERROR;
				CLANG_WARN_RANGE_LOOP_ANALYSIS = YES;
				CLANG_WARN_STRICT_PROTOTYPES = YES;
				CLANG_WARN_SUSPICIOUS_MOVE = YES;
				CLANG_WARN_UNGUARDED_AVAILABILITY = YES_AGGRESSIVE;
				CLANG_WARN_UNREACHABLE_CODE = YES;
				CLANG_WARN__DUPLICATE_METHOD_MATCH = YES;
				CODE_SIGN_IDENTITY = "Mac Developer";
				COPY_PHASE_STRIP = NO;
				DEBUG_INFORMATION_FORMAT = dwarf;
				ENABLE_STRICT_OBJC_MSGSEND = YES;
				ENABLE_TESTABILITY = YES;
				GCC_C_LANGUAGE_STANDARD = gnu11;
				GCC_DYNAMIC_NO_PIC = NO;
				GCC_NO_COMMON_BLOCKS = YES;
				GCC_OPTIMIZATION_LEVEL = 0;
				GCC_PREPROCESSOR_DEFINITIONS = (
					"DEBUG=1",
					"$(inherited)",
				);
				GCC_WARN_64_TO_32_BIT_CONVERSION = YES;
				GCC_WARN_ABOUT_RETURN_TYPE = YES_ERROR;
				GCC_WARN_UNDECLARED_SELECTOR = YES;
				GCC_WARN_UNINITIALIZED_AUTOS = YES_AGGRESSIVE;
				GCC_WARN_UNUSED_FUNCTION = YES;
				GCC_WARN_UNUSED_VARIABLE = YES;
				MACOSX_DEPLOYMENT_TARGET = 10.14;
				MTL_ENABLE_DEBUG_INFO = INCLUDE_SOURCE;
				MTL_FAST_MATH = YES;
				ONLY_ACTIVE_ARCH = YES;
				SDKROOT = macosx;
			};
			name = Debug;
		};
		49CC5408218C48A300BD06BD /* Release */ = {
			isa = XCBuildConfiguration;
			buildSettings = {
				ALWAYS_SEARCH_USER_PATHS = NO;
				CLANG_ANALYZER_NONNULL = YES;
				CLANG_ANALYZER_NUMBER_OBJECT_CONVERSION = YES_AGGRESSIVE;
				CLANG_CXX_LANGUAGE_STANDARD = "gnu++14";
				CLANG_CXX_LIBRARY = "libc++";
				CLANG_ENABLE_MODULES = YES;
				CLANG_ENABLE_OBJC_ARC = YES;
				CLANG_ENABLE_OBJC_WEAK = YES;
				CLANG_WARN_BLOCK_CAPTURE_AUTORELEASING = YES;
				CLANG_WARN_BOOL_CONVERSION = YES;
				CLANG_WARN_COMMA = YES;
				CLANG_WARN_CONSTANT_CONVERSION = YES;
				CLANG_WARN_DEPRECATED_OBJC_IMPLEMENTATIONS = YES;
				CLANG_WARN_DIRECT_OBJC_ISA_USAGE = YES_ERROR;
				CLANG_WARN_DOCUMENTATION_COMMENTS = YES;
				CLANG_WARN_EMPTY_BODY = YES;
				CLANG_WARN_ENUM_CONVERSION = YES;
				CLANG_WARN_INFINITE_RECURSION = YES;
				CLANG_WARN_INT_CONVERSION = YES;
				CLANG_WARN_NON_LITERAL_NULL_CONVERSION = YES;
				CLANG_WARN_OBJC_IMPLICIT_RETAIN_SELF = YES;
				CLANG_WARN_OBJC_LITERAL_CONVERSION = YES;
				CLANG_WARN_OBJC_ROOT_CLASS = YES_ERROR;
				CLANG_WARN_RANGE_LOOP_ANALYSIS = YES;
				CLANG_WARN_STRICT_PROTOTYPES = YES;
				CLANG_WARN_SUSPICIOUS_MOVE = YES;
				CLANG_WARN_UNGUARDED_AVAILABILITY = YES_AGGRESSIVE;
				CLANG_WARN_UNREACHABLE_CODE = YES;
				CLANG_WARN__DUPLICATE_METHOD_MATCH = YES;
				CODE_SIGN_IDENTITY = "Mac Developer";
				COPY_PHASE_STRIP = NO;
				DEBUG_INFORMATION_FORMAT = "dwarf-with-dsym";
				ENABLE_NS_ASSERTIONS = NO;
				ENABLE_STRICT_OBJC_MSGSEND = YES;
				GCC_C_LANGUAGE_STANDARD = gnu11;
				GCC_NO_COMMON_BLOCKS = YES;
				GCC_WARN_64_TO_32_BIT_CONVERSION = YES;
				GCC_WARN_ABOUT_RETURN_TYPE = YES_ERROR;
				GCC_WARN_UNDECLARED_SELECTOR = YES;
				GCC_WARN_UNINITIALIZED_AUTOS = YES_AGGRESSIVE;
				GCC_WARN_UNUSED_FUNCTION = YES;
				GCC_WARN_UNUSED_VARIABLE = YES;
				MACOSX_DEPLOYMENT_TARGET = 10.14;
				MTL_ENABLE_DEBUG_INFO = NO;
				MTL_FAST_MATH = YES;
				SDKROOT = macosx;
			};
			name = Release;
		};
		49CC540A218C48A300BD06BD /* Debug */ = {
			isa = XCBuildConfiguration;
			buildSettings = {
				CODE_SIGN_STYLE = Automatic;
				DEVELOPMENT_TEAM = 3LYHADJ6H3;
				GCC_NO_COMMON_BLOCKS = YES;
				PRODUCT_NAME = "$(TARGET_NAME)";
			};
			name = Debug;
		};
		49CC540B218C48A300BD06BD /* Release */ = {
			isa = XCBuildConfiguration;
			buildSettings = {
				CODE_SIGN_STYLE = Automatic;
				DEVELOPMENT_TEAM = 3LYHADJ6H3;
				GCC_NO_COMMON_BLOCKS = YES;
				PRODUCT_NAME = "$(TARGET_NAME)";
			};
			name = Release;
		};
/* End XCBuildConfiguration section */

/* Begin XCConfigurationList section */
		49CC53FD218C48A300BD06BD /* Build configuration list for PBXProject "c++_xcode" */ = {
			isa = XCConfigurationList;
			buildConfigurations = (
				49CC5407218C48A300BD06BD /* Debug */,
				49CC5408218C48A300BD06BD /* Release */,
			);
			defaultConfigurationIsVisible = 0;
			defaultConfigurationName = Release;
		};
		49CC5409218C48A300BD06BD /* Build configuration list for PBXNativeTarget "c++_xcode" */ = {
			isa = XCConfigurationList;
			buildConfigurations = (
				49CC540A218C48A300BD06BD /* Debug */,
				49CC540B218C48A300BD06BD /* Release */,
			);
			defaultConfigurationIsVisible = 0;
			defaultConfigurationName = Release;
		};
/* End XCConfigurationList section */
	};
	rootObject = 49CC53FA218C48A300BD06BD /* Project object */;
}
